codeberg.org/dozrye/hugo-og-img-generator v0.0.0-20251119163552-acc49ef4055b h1:Q5Zwz6aU/ivxw5QKXiBeJ4pc/Cf7kKWstcfygLe/xHE=
codeberg.org/dozrye/hugo-og-img-generator v0.0.0-20251119163552-acc49ef4055b/go.mod h1:j8ok0TbyFPsyBi+pukugQt04WAi0oqZABZVfwIKDCZ8=
github.com/dozro/loficode-hugo-theme v1.4.5 h1:bu0H7q2pJrGA92IiPIZ3GJcK+cUncsRj2xI8sm8l4+Q=
github.com/dozro/loficode-hugo-theme v1.4.5/go.mod h1:mAEvhLsfl3ldYobaw4eoffWk+8hYH0kuF4to9/bLqrc=
github.com/dozro/loficode-hugo-theme v1.4.6 h1:y6du6y09y9LMivleVc7qff017+v9dYJvmBWB7z4NdxA=
github.com/dozro/loficode-hugo-theme v1.4.6/go.mod h1:DHTYEsNDzv10ynQx4Hgfz8s9WgCz5x450yd9OWxm0II=
