codeberg.org/dozrye/hugo-og-img-generator v0.0.0-20251119163552-acc49ef4055b h1:Q5Zwz6aU/ivxw5QKXiBeJ4pc/Cf7kKWstcfygLe/xHE=
codeberg.org/dozrye/hugo-og-img-generator v0.0.0-20251119163552-acc49ef4055b/go.mod h1:j8ok0TbyFPsyBi+pukugQt04WAi0oqZABZVfwIKDCZ8=
github.com/dozro/loficode-hugo-theme v1.0.1 h1:mcgdmZinVnbxwFpYWHWHc6bZW4hvcqAMlDsMt+OaiPU=
github.com/dozro/loficode-hugo-theme v1.0.1/go.mod h1:pPabkjDn+jkH66MAjHQj8MsS5Bbi+yf64ojvnioqua8=
github.com/dozro/loficode-hugo-theme v1.2.0 h1:8NllwuUA7wEayss6l9oNQXwqbzP2RcNOBllG3CqnVyA=
github.com/dozro/loficode-hugo-theme v1.2.0/go.mod h1:mAEvhLsfl3ldYobaw4eoffWk+8hYH0kuF4to9/bLqrc=
github.com/dozro/loficode-hugo-theme v1.3.0 h1:Onwp7mzDCf5lFUDbwke33sQ9VSDmlPUdi382DkeicO0=
github.com/dozro/loficode-hugo-theme v1.3.0/go.mod h1:mAEvhLsfl3ldYobaw4eoffWk+8hYH0kuF4to9/bLqrc=
github.com/dozro/loficode-hugo-theme v1.3.1 h1:DZ6VVqeXQcQwDa1n155pvrRCSsJHRIJmgrxQMqGn8sQ=
github.com/dozro/loficode-hugo-theme v1.3.1/go.mod h1:mAEvhLsfl3ldYobaw4eoffWk+8hYH0kuF4to9/bLqrc=
github.com/dozro/loficode-hugo-theme v1.4.0 h1:5HEEx1FbA0jKIniBLw19drTgXaS6vx5ySh0mbNaV1cA=
github.com/dozro/loficode-hugo-theme v1.4.0/go.mod h1:mAEvhLsfl3ldYobaw4eoffWk+8hYH0kuF4to9/bLqrc=
